<?xml version="1.0" encoding="utf-8"?>
<Project ToolsVersion="4.0" xmlns="http://schemas.microsoft.com/developer/msbuild/2003">
  <ItemGroup>
    <Filter Include="Sources">
      <UniqueIdentifier>{4FC737F1-C7A5-4376-A066-2A32D752A2FF}</UniqueIdentifier>
      <Extensions>cpp;c;cc;cxx;c++;cppm;ixx;def;odl;idl;hpj;bat;asm;asmx</Extensions>
    </Filter>
    <Filter Include="Sources\Containers">
      <UniqueIdentifier>{6f08bac3-c7a5-4c3d-9d76-f7dd0531595c}</UniqueIdentifier>
    </Filter>
    <Filter Include="Sources\Modules">
      <UniqueIdentifier>{3c46fa74-3e9c-4d03-bcc5-db4bb12cf356}</UniqueIdentifier>
    </Filter>
    <Filter Include="Sources\Tools">
      <UniqueIdentifier>{733e957f-6508-47f9-a9a0-a439377d4241}</UniqueIdentifier>
    </Filter>
    <Filter Include="Sources\Modules\GUI">
      <UniqueIdentifier>{cfb25913-8258-4deb-92bd-42a8f69a5b4f}</UniqueIdentifier>
    </Filter>
    <Filter Include="Sources\Modules\GUI\Panels">
      <UniqueIdentifier>{cbb0b5c3-7fb1-4abd-8cb5-56c7ad54cdb3}</UniqueIdentifier>
    </Filter>
    <Filter Include="Sources\GameObject">
      <UniqueIdentifier>{e228d5cc-ecfe-498f-a21a-6069ffe3cfb2}</UniqueIdentifier>
    </Filter>
    <Filter Include="Sources\GameObject\Components">
      <UniqueIdentifier>{31e636a3-6358-400c-9311-42535b6b4f59}</UniqueIdentifier>
    </Filter>
    <Filter Include="Sources\Importers">
      <UniqueIdentifier>{ef316e4a-b94a-48e9-9e2b-92af4670290a}</UniqueIdentifier>
    </Filter>
    <Filter Include="Sources\Libraries">
      <UniqueIdentifier>{f79775b1-cefc-4c76-bafb-8fffcbfbf606}</UniqueIdentifier>
    </Filter>
    <Filter Include="Sources\Libraries\MathGeoLib">
      <UniqueIdentifier>{2015dae0-5cd7-4bd6-9bbe-873787d8fd00}</UniqueIdentifier>
    </Filter>
    <Filter Include="Sources\Libraries\ImGui">
      <UniqueIdentifier>{f05d92fc-5066-4a8e-9a36-a5967d3bb5e9}</UniqueIdentifier>
    </Filter>
    <Filter Include="Sources\Libraries\glew">
      <UniqueIdentifier>{9ab60b8a-e94b-4b1e-b126-ea13e2c0beec}</UniqueIdentifier>
    </Filter>
    <Filter Include="Sources\Tools\Helpers">
      <UniqueIdentifier>{6999613e-64cf-435b-84f9-c12be27a167d}</UniqueIdentifier>
    </Filter>
    <Filter Include="Sources\Libraries\PCG">
      <UniqueIdentifier>{033de73f-9d3d-4303-920d-06361721a876}</UniqueIdentifier>
    </Filter>
    <Filter Include="Sources\Libraries\JSON">
      <UniqueIdentifier>{94ef539f-7620-4b56-bd24-0d158f513f60}</UniqueIdentifier>
    </Filter>
    <Filter Include="Sources\Libraries\mmgr">
      <UniqueIdentifier>{8d475c64-f903-4cab-8016-773f3a645140}</UniqueIdentifier>
    </Filter>
    <Filter Include="Sources\Modules\Resources">
      <UniqueIdentifier>{7ad49d32-d1ba-487b-a39e-63923436692d}</UniqueIdentifier>
    </Filter>
    <Filter Include="Sources\Libraries\MathGeoLib\Time">
      <UniqueIdentifier>{1dc0dec1-ae34-4ba1-b8e2-6f2b75529013}</UniqueIdentifier>
    </Filter>
    <Filter Include="Sources\Libraries\MathGeoLib\Math">
      <UniqueIdentifier>{0e216aec-396e-415b-b93b-0acd7e800e98}</UniqueIdentifier>
    </Filter>
    <Filter Include="Sources\Libraries\MathGeoLib\Geometry">
      <UniqueIdentifier>{43f5c4fd-6cab-414a-b1eb-bc18274abf92}</UniqueIdentifier>
    </Filter>
    <Filter Include="Sources\Libraries\MathGeoLib\Algorithm">
      <UniqueIdentifier>{a5ac6c6f-8623-48a0-a84c-86941572ced5}</UniqueIdentifier>
    </Filter>
  </ItemGroup>
  <ItemGroup>
    <ClCompile Include="Source\Timer.cpp">
      <Filter>Sources\Tools</Filter>
    </ClCompile>
    <ClCompile Include="Source\Application.cpp">
      <Filter>Sources</Filter>
    </ClCompile>
    <ClCompile Include="Source\Main.cpp">
      <Filter>Sources</Filter>
    </ClCompile>
    <ClCompile Include="Source\ModuleCamera3D.cpp">
      <Filter>Sources\Modules</Filter>
    </ClCompile>
    <ClCompile Include="Source\ModuleFileSystem.cpp">
      <Filter>Sources\Modules</Filter>
    </ClCompile>
    <ClCompile Include="Source\ModuleInput.cpp">
      <Filter>Sources\Modules</Filter>
    </ClCompile>
    <ClCompile Include="Source\ModuleRenderer3D.cpp">
      <Filter>Sources\Modules</Filter>
    </ClCompile>
    <ClCompile Include="Source\ModuleSceneIntro.cpp">
      <Filter>Sources\Modules</Filter>
    </ClCompile>
    <ClCompile Include="Source\ModuleWindow.cpp">
      <Filter>Sources\Modules</Filter>
    </ClCompile>
    <ClCompile Include="Source\ModuleGui.cpp">
      <Filter>Sources\Modules\GUI</Filter>
    </ClCompile>
    <ClCompile Include="Source\PanelAbout.cpp">
      <Filter>Sources\Modules\GUI\Panels</Filter>
    </ClCompile>
    <ClCompile Include="Source\PanelConfiguration.cpp">
      <Filter>Sources\Modules\GUI\Panels</Filter>
    </ClCompile>
    <ClCompile Include="Source\PanelConsole.cpp">
      <Filter>Sources\Modules\GUI\Panels</Filter>
    </ClCompile>
    <ClCompile Include="Source\PanelHierarchy.cpp">
      <Filter>Sources\Modules\GUI\Panels</Filter>
    </ClCompile>
    <ClCompile Include="Source\PanelInspector.cpp">
      <Filter>Sources\Modules\GUI\Panels</Filter>
    </ClCompile>
    <ClCompile Include="Source\Libraries\imgui-1.78\imgui.cpp">
      <Filter>Sources\Libraries\ImGui</Filter>
    </ClCompile>
    <ClCompile Include="Source\Libraries\imgui-1.78\imgui_demo.cpp">
      <Filter>Sources\Libraries\ImGui</Filter>
    </ClCompile>
    <ClCompile Include="Source\Libraries\imgui-1.78\imgui_draw.cpp">
      <Filter>Sources\Libraries\ImGui</Filter>
    </ClCompile>
    <ClCompile Include="Source\Libraries\imgui-1.78\imgui_impl_opengl2.cpp">
      <Filter>Sources\Libraries\ImGui</Filter>
    </ClCompile>
    <ClCompile Include="Source\Libraries\imgui-1.78\imgui_impl_opengl3.cpp">
      <Filter>Sources\Libraries\ImGui</Filter>
    </ClCompile>
    <ClCompile Include="Source\Libraries\imgui-1.78\imgui_impl_sdl.cpp">
      <Filter>Sources\Libraries\ImGui</Filter>
    </ClCompile>
    <ClCompile Include="Source\Libraries\imgui-1.78\imgui_widgets.cpp">
      <Filter>Sources\Libraries\ImGui</Filter>
    </ClCompile>
    <ClCompile Include="Source\Libraries\glew\src\glew.c">
      <Filter>Sources\Libraries\glew</Filter>
    </ClCompile>
    <ClCompile Include="Source\Light.cpp">
      <Filter>Sources\Tools\Helpers</Filter>
    </ClCompile>
    <ClCompile Include="Source\Primitive.cpp">
      <Filter>Sources\Tools\Helpers</Filter>
    </ClCompile>
    <ClCompile Include="Source\Color.cpp">
      <Filter>Sources\Containers</Filter>
    </ClCompile>
    <ClCompile Include="Source\glmath.cpp">
      <Filter>Sources\Containers</Filter>
    </ClCompile>
    <ClCompile Include="Source\Component.cpp">
      <Filter>Sources\GameObject</Filter>
    </ClCompile>
    <ClCompile Include="Source\GameObject.cpp">
      <Filter>Sources\GameObject</Filter>
    </ClCompile>
    <ClCompile Include="Source\ComponentMesh.cpp">
      <Filter>Sources\GameObject\Components</Filter>
    </ClCompile>
    <ClCompile Include="Source\ComponentTexture.cpp">
      <Filter>Sources\GameObject\Components</Filter>
    </ClCompile>
    <ClCompile Include="Source\ComponentTransform.cpp">
      <Filter>Sources\GameObject\Components</Filter>
    </ClCompile>
    <ClCompile Include="Source\ComponentCamera.cpp">
      <Filter>Sources\GameObject\Components</Filter>
    </ClCompile>
    <ClCompile Include="Source\Importer.cpp">
      <Filter>Sources\Importers</Filter>
    </ClCompile>
    <ClCompile Include="Source\MeshImporter.cpp">
      <Filter>Sources\Importers</Filter>
    </ClCompile>
    <ClCompile Include="Source\TextureImporter.cpp">
      <Filter>Sources\Importers</Filter>
    </ClCompile>
    <ClCompile Include="Source\RandomNumGenerator.cpp">
      <Filter>Sources\Tools</Filter>
    </ClCompile>
    <ClCompile Include="Source\Libraries\mmgr\mmgr.cpp">
      <Filter>Sources\Libraries\mmgr</Filter>
    </ClCompile>
    <ClCompile Include="Source\ModuleTime.cpp">
      <Filter>Sources\Modules</Filter>
    </ClCompile>
    <ClCompile Include="Source\ModuleResources.cpp">
      <Filter>Sources\Modules\Resources</Filter>
    </ClCompile>
    <ClCompile Include="Source\Resource.cpp">
      <Filter>Sources\Modules\Resources</Filter>
    </ClCompile>
    <ClCompile Include="Source\ResourceMesh.cpp">
      <Filter>Sources\Modules\Resources</Filter>
    </ClCompile>
    <ClCompile Include="Source\ResourceModel.cpp">
      <Filter>Sources\Modules\Resources</Filter>
    </ClCompile>
    <ClCompile Include="Source\ResourceScene.cpp">
      <Filter>Sources\Modules\Resources</Filter>
    </ClCompile>
    <ClCompile Include="Source\ResourceTexture.cpp">
      <Filter>Sources\Modules\Resources</Filter>
    </ClCompile>
    <ClCompile Include="Source\Viewport.cpp">
      <Filter>Sources\Modules\GUI</Filter>
    </ClCompile>
    <ClCompile Include="Source\PanelCameraPreview.cpp">
      <Filter>Sources\Modules\GUI\Panels</Filter>
    </ClCompile>
    <ClCompile Include="Source\PanelGame.cpp">
      <Filter>Sources\Modules\GUI\Panels</Filter>
    </ClCompile>
    <ClCompile Include="Source\PanelResources.cpp">
      <Filter>Sources\Modules\GUI\Panels</Filter>
    </ClCompile>
    <ClCompile Include="Source\PanelScene.cpp">
      <Filter>Sources\Modules\GUI\Panels</Filter>
    </ClCompile>
    <ClCompile Include="Source\PanelState.cpp">
      <Filter>Sources\Modules\GUI\Panels</Filter>
    </ClCompile>
    <ClCompile Include="Source\Libraries\MathGeoLib\include\Time\Clock.cpp">
      <Filter>Sources\Libraries\MathGeoLib\Time</Filter>
    </ClCompile>
    <ClCompile Include="Source\Libraries\MathGeoLib\include\Algorithm\Random\LCG.cpp">
      <Filter>Sources\Libraries\MathGeoLib\Algorithm</Filter>
    </ClCompile>
    <ClCompile Include="Source\Libraries\MathGeoLib\include\Geometry\AABB.cpp">
      <Filter>Sources\Libraries\MathGeoLib\Geometry</Filter>
    </ClCompile>
    <ClCompile Include="Source\Libraries\MathGeoLib\include\Geometry\Capsule.cpp">
      <Filter>Sources\Libraries\MathGeoLib\Geometry</Filter>
    </ClCompile>
    <ClCompile Include="Source\Libraries\MathGeoLib\include\Geometry\Circle.cpp">
      <Filter>Sources\Libraries\MathGeoLib\Geometry</Filter>
    </ClCompile>
    <ClCompile Include="Source\Libraries\MathGeoLib\include\Geometry\Frustum.cpp">
      <Filter>Sources\Libraries\MathGeoLib\Geometry</Filter>
    </ClCompile>
    <ClCompile Include="Source\Libraries\MathGeoLib\include\Geometry\Line.cpp">
      <Filter>Sources\Libraries\MathGeoLib\Geometry</Filter>
    </ClCompile>
    <ClCompile Include="Source\Libraries\MathGeoLib\include\Geometry\LineSegment.cpp">
      <Filter>Sources\Libraries\MathGeoLib\Geometry</Filter>
    </ClCompile>
    <ClCompile Include="Source\Libraries\MathGeoLib\include\Geometry\OBB.cpp">
      <Filter>Sources\Libraries\MathGeoLib\Geometry</Filter>
    </ClCompile>
    <ClCompile Include="Source\Libraries\MathGeoLib\include\Geometry\Plane.cpp">
      <Filter>Sources\Libraries\MathGeoLib\Geometry</Filter>
    </ClCompile>
    <ClCompile Include="Source\Libraries\MathGeoLib\include\Geometry\Polygon.cpp">
      <Filter>Sources\Libraries\MathGeoLib\Geometry</Filter>
    </ClCompile>
    <ClCompile Include="Source\Libraries\MathGeoLib\include\Geometry\Polyhedron.cpp">
      <Filter>Sources\Libraries\MathGeoLib\Geometry</Filter>
    </ClCompile>
    <ClCompile Include="Source\Libraries\MathGeoLib\include\Geometry\Ray.cpp">
      <Filter>Sources\Libraries\MathGeoLib\Geometry</Filter>
    </ClCompile>
    <ClCompile Include="Source\Libraries\MathGeoLib\include\Geometry\Sphere.cpp">
      <Filter>Sources\Libraries\MathGeoLib\Geometry</Filter>
    </ClCompile>
    <ClCompile Include="Source\Libraries\MathGeoLib\include\Geometry\Triangle.cpp">
      <Filter>Sources\Libraries\MathGeoLib\Geometry</Filter>
    </ClCompile>
    <ClCompile Include="Source\Libraries\MathGeoLib\include\Geometry\TriangleMesh.cpp">
      <Filter>Sources\Libraries\MathGeoLib\Geometry</Filter>
    </ClCompile>
    <ClCompile Include="Source\Libraries\MathGeoLib\include\Math\BitOps.cpp">
      <Filter>Sources\Libraries\MathGeoLib\Math</Filter>
    </ClCompile>
    <ClCompile Include="Source\Libraries\MathGeoLib\include\Math\float2.cpp">
      <Filter>Sources\Libraries\MathGeoLib\Math</Filter>
    </ClCompile>
    <ClCompile Include="Source\Libraries\MathGeoLib\include\Math\float3.cpp">
      <Filter>Sources\Libraries\MathGeoLib\Math</Filter>
    </ClCompile>
    <ClCompile Include="Source\Libraries\MathGeoLib\include\Math\float3x3.cpp">
      <Filter>Sources\Libraries\MathGeoLib\Math</Filter>
    </ClCompile>
    <ClCompile Include="Source\Libraries\MathGeoLib\include\Math\float3x4.cpp">
      <Filter>Sources\Libraries\MathGeoLib\Math</Filter>
    </ClCompile>
    <ClCompile Include="Source\Libraries\MathGeoLib\include\Math\float4.cpp">
      <Filter>Sources\Libraries\MathGeoLib\Math</Filter>
    </ClCompile>
    <ClCompile Include="Source\Libraries\MathGeoLib\include\Math\float4x4.cpp">
      <Filter>Sources\Libraries\MathGeoLib\Math</Filter>
    </ClCompile>
    <ClCompile Include="Source\Libraries\MathGeoLib\include\Math\MathFunc.cpp">
      <Filter>Sources\Libraries\MathGeoLib\Math</Filter>
    </ClCompile>
    <ClCompile Include="Source\Libraries\MathGeoLib\include\Math\MathLog.cpp">
      <Filter>Sources\Libraries\MathGeoLib\Math</Filter>
    </ClCompile>
    <ClCompile Include="Source\Libraries\MathGeoLib\include\Math\MathOps.cpp">
      <Filter>Sources\Libraries\MathGeoLib\Math</Filter>
    </ClCompile>
    <ClCompile Include="Source\Libraries\MathGeoLib\include\Math\Polynomial.cpp">
      <Filter>Sources\Libraries\MathGeoLib\Math</Filter>
    </ClCompile>
    <ClCompile Include="Source\Libraries\MathGeoLib\include\Math\Quat.cpp">
      <Filter>Sources\Libraries\MathGeoLib\Math</Filter>
    </ClCompile>
    <ClCompile Include="Source\Libraries\MathGeoLib\include\Math\SSEMath.cpp">
      <Filter>Sources\Libraries\MathGeoLib\Math</Filter>
    </ClCompile>
    <ClCompile Include="Source\Libraries\MathGeoLib\include\Math\TransformOps.cpp">
      <Filter>Sources\Libraries\MathGeoLib\Math</Filter>
    </ClCompile>
    <ClCompile Include="Source\Libraries\imgui-1.78\ImGuizmo.cpp">
      <Filter>Sources\Libraries\ImGui</Filter>
    </ClCompile>
  </ItemGroup>
  <ItemGroup>
    <ClInclude Include="Source\Math.h">
      <Filter>Sources\Tools</Filter>
    </ClInclude>
    <ClInclude Include="Source\PathNode.h">
      <Filter>Sources\Tools</Filter>
    </ClInclude>
    <ClInclude Include="Source\Timer.h">
      <Filter>Sources\Tools</Filter>
    </ClInclude>
    <ClInclude Include="Source\Application.h">
      <Filter>Sources</Filter>
    </ClInclude>
    <ClInclude Include="Source\Globals.h">
      <Filter>Sources</Filter>
    </ClInclude>
    <ClInclude Include="Source\Libraries\pcg-c-0.94\include\pcg_variants.h">
      <Filter>Sources\Libraries\PCG</Filter>
    </ClInclude>
    <ClInclude Include="Source\Libraries\pcg-c-0.94\extras\entropy.h">
      <Filter>Sources\Libraries\PCG</Filter>
    </ClInclude>
    <ClInclude Include="Source\Libraries\pcg-c-0.94\extras\pcg_spinlock.h">
      <Filter>Sources\Libraries\PCG</Filter>
    </ClInclude>
    <ClInclude Include="Source\Module.h">
      <Filter>Sources\Modules</Filter>
    </ClInclude>
    <ClInclude Include="Source\ModuleCamera3D.h">
      <Filter>Sources\Modules</Filter>
    </ClInclude>
    <ClInclude Include="Source\ModuleFileSystem.h">
      <Filter>Sources\Modules</Filter>
    </ClInclude>
    <ClInclude Include="Source\ModuleInput.h">
      <Filter>Sources\Modules</Filter>
    </ClInclude>
    <ClInclude Include="Source\ModuleRenderer3D.h">
      <Filter>Sources\Modules</Filter>
    </ClInclude>
    <ClInclude Include="Source\ModuleSceneIntro.h">
      <Filter>Sources\Modules</Filter>
    </ClInclude>
    <ClInclude Include="Source\ModuleWindow.h">
      <Filter>Sources\Modules</Filter>
    </ClInclude>
    <ClInclude Include="Source\ModuleGui.h">
      <Filter>Sources\Modules\GUI</Filter>
    </ClInclude>
    <ClInclude Include="Source\PanelManager.h">
      <Filter>Sources\Modules\GUI</Filter>
    </ClInclude>
    <ClInclude Include="Source\PanelAbout.h">
      <Filter>Sources\Modules\GUI\Panels</Filter>
    </ClInclude>
    <ClInclude Include="Source\PanelConfiguration.h">
      <Filter>Sources\Modules\GUI\Panels</Filter>
    </ClInclude>
    <ClInclude Include="Source\PanelConsole.h">
      <Filter>Sources\Modules\GUI\Panels</Filter>
    </ClInclude>
    <ClInclude Include="Source\PanelHierarchy.h">
      <Filter>Sources\Modules\GUI\Panels</Filter>
    </ClInclude>
    <ClInclude Include="Source\PanelInspector.h">
      <Filter>Sources\Modules\GUI\Panels</Filter>
    </ClInclude>
    <ClInclude Include="Source\Libraries\MathGeoLib\include\MathBuildConfig.h">
      <Filter>Sources\Libraries\MathGeoLib</Filter>
    </ClInclude>
    <ClInclude Include="Source\Libraries\MathGeoLib\include\MathGeoLib.h">
      <Filter>Sources\Libraries\MathGeoLib</Filter>
    </ClInclude>
    <ClInclude Include="Source\Libraries\MathGeoLib\include\MathGeoLibFwd.h">
      <Filter>Sources\Libraries\MathGeoLib</Filter>
    </ClInclude>
    <ClInclude Include="Source\Libraries\imgui-1.78\imconfig.h">
      <Filter>Sources\Libraries\ImGui</Filter>
    </ClInclude>
    <ClInclude Include="Source\Libraries\imgui-1.78\imgui.h">
      <Filter>Sources\Libraries\ImGui</Filter>
    </ClInclude>
    <ClInclude Include="Source\Libraries\imgui-1.78\imgui_impl_opengl2.h">
      <Filter>Sources\Libraries\ImGui</Filter>
    </ClInclude>
    <ClInclude Include="Source\Libraries\imgui-1.78\imgui_impl_opengl3.h">
      <Filter>Sources\Libraries\ImGui</Filter>
    </ClInclude>
    <ClInclude Include="Source\Libraries\imgui-1.78\imgui_impl_sdl.h">
      <Filter>Sources\Libraries\ImGui</Filter>
    </ClInclude>
    <ClInclude Include="Source\Libraries\imgui-1.78\imgui_internal.h">
      <Filter>Sources\Libraries\ImGui</Filter>
    </ClInclude>
    <ClInclude Include="Source\Libraries\imgui-1.78\imstb_rectpack.h">
      <Filter>Sources\Libraries\ImGui</Filter>
    </ClInclude>
    <ClInclude Include="Source\Libraries\imgui-1.78\imstb_textedit.h">
      <Filter>Sources\Libraries\ImGui</Filter>
    </ClInclude>
    <ClInclude Include="Source\Libraries\imgui-1.78\imstb_truetype.h">
      <Filter>Sources\Libraries\ImGui</Filter>
    </ClInclude>
    <ClInclude Include="Source\Libraries\glew\include\GL\glew.h">
      <Filter>Sources\Libraries\glew</Filter>
    </ClInclude>
    <ClInclude Include="Source\Light.h">
      <Filter>Sources\Tools\Helpers</Filter>
    </ClInclude>
    <ClInclude Include="Source\Primitive.h">
      <Filter>Sources\Tools\Helpers</Filter>
    </ClInclude>
    <ClInclude Include="Source\Color.h">
      <Filter>Sources\Containers</Filter>
    </ClInclude>
    <ClInclude Include="Source\glmath.h">
      <Filter>Sources\Containers</Filter>
    </ClInclude>
    <ClInclude Include="Source\Component.h">
      <Filter>Sources\GameObject</Filter>
    </ClInclude>
    <ClInclude Include="Source\GameObject.h">
      <Filter>Sources\GameObject</Filter>
    </ClInclude>
    <ClInclude Include="Source\ComponentMesh.h">
      <Filter>Sources\GameObject\Components</Filter>
    </ClInclude>
    <ClInclude Include="Source\ComponentTexture.h">
      <Filter>Sources\GameObject\Components</Filter>
    </ClInclude>
    <ClInclude Include="Source\ComponentTransform.h">
      <Filter>Sources\GameObject\Components</Filter>
    </ClInclude>
    <ClInclude Include="Source\ComponentCamera.h">
      <Filter>Sources\GameObject\Components</Filter>
    </ClInclude>
    <ClInclude Include="Source\Importer.h">
      <Filter>Sources\Importers</Filter>
    </ClInclude>
    <ClInclude Include="Source\JsonImporter.h">
      <Filter>Sources\Importers</Filter>
    </ClInclude>
    <ClInclude Include="Source\MeshImporter.h">
      <Filter>Sources\Importers</Filter>
    </ClInclude>
    <ClInclude Include="Source\TextureImporter.h">
      <Filter>Sources\Importers</Filter>
    </ClInclude>
    <ClInclude Include="Source\Libraries\JSON\json.hpp">
      <Filter>Sources\Libraries\JSON</Filter>
    </ClInclude>
    <ClInclude Include="Source\Libraries\mmgr\mmgr.h">
      <Filter>Sources\Libraries\mmgr</Filter>
    </ClInclude>
    <ClInclude Include="Source\Libraries\mmgr\nommgr.h">
      <Filter>Sources\Libraries\mmgr</Filter>
    </ClInclude>
    <ClInclude Include="resource.h" />
    <ClInclude Include="Source\ModuleTime.h">
      <Filter>Sources\Modules</Filter>
    </ClInclude>
    <ClInclude Include="Source\ModuleResources.h">
      <Filter>Sources\Modules\Resources</Filter>
    </ClInclude>
    <ClInclude Include="Source\Resource.h">
      <Filter>Sources\Modules\Resources</Filter>
    </ClInclude>
    <ClInclude Include="Source\ResourceMesh.h">
      <Filter>Sources\Modules\Resources</Filter>
    </ClInclude>
    <ClInclude Include="Source\ResourceModel.h">
      <Filter>Sources\Modules\Resources</Filter>
    </ClInclude>
    <ClInclude Include="Source\ResourceScene.h">
      <Filter>Sources\Modules\Resources</Filter>
    </ClInclude>
    <ClInclude Include="Source\ResourceTexture.h">
      <Filter>Sources\Modules\Resources</Filter>
    </ClInclude>
    <ClInclude Include="Source\Viewport.h">
      <Filter>Sources\Modules\GUI</Filter>
    </ClInclude>
    <ClInclude Include="Source\PanelCameraPreview.h">
      <Filter>Sources\Modules\GUI\Panels</Filter>
    </ClInclude>
    <ClInclude Include="Source\PanelGame.h">
      <Filter>Sources\Modules\GUI\Panels</Filter>
    </ClInclude>
    <ClInclude Include="Source\PanelResources.h">
      <Filter>Sources\Modules\GUI\Panels</Filter>
    </ClInclude>
    <ClInclude Include="Source\PanelScene.h">
      <Filter>Sources\Modules\GUI\Panels</Filter>
    </ClInclude>
    <ClInclude Include="Source\PanelState.h">
      <Filter>Sources\Modules\GUI\Panels</Filter>
    </ClInclude>
    <ClInclude Include="Source\Libraries\MathGeoLib\include\Time\Clock.h">
      <Filter>Sources\Libraries\MathGeoLib\Time</Filter>
    </ClInclude>
    <ClInclude Include="Source\Libraries\MathGeoLib\include\Algorithm\Random\LCG.h">
      <Filter>Sources\Libraries\MathGeoLib\Algorithm</Filter>
    </ClInclude>
    <ClInclude Include="Source\Libraries\MathGeoLib\include\Geometry\AABB.h">
      <Filter>Sources\Libraries\MathGeoLib\Geometry</Filter>
    </ClInclude>
    <ClInclude Include="Source\Libraries\MathGeoLib\include\Geometry\AABB2D.h">
      <Filter>Sources\Libraries\MathGeoLib\Geometry</Filter>
    </ClInclude>
    <ClInclude Include="Source\Libraries\MathGeoLib\include\Geometry\Capsule.h">
      <Filter>Sources\Libraries\MathGeoLib\Geometry</Filter>
    </ClInclude>
    <ClInclude Include="Source\Libraries\MathGeoLib\include\Geometry\Circle.h">
      <Filter>Sources\Libraries\MathGeoLib\Geometry</Filter>
    </ClInclude>
    <ClInclude Include="Source\Libraries\MathGeoLib\include\Geometry\Frustum.h">
      <Filter>Sources\Libraries\MathGeoLib\Geometry</Filter>
    </ClInclude>
    <ClInclude Include="Source\Libraries\MathGeoLib\include\Geometry\GeometryAll.h">
      <Filter>Sources\Libraries\MathGeoLib\Geometry</Filter>
    </ClInclude>
    <ClInclude Include="Source\Libraries\MathGeoLib\include\Geometry\GeomType.h">
      <Filter>Sources\Libraries\MathGeoLib\Geometry</Filter>
    </ClInclude>
    <ClInclude Include="Source\Libraries\MathGeoLib\include\Geometry\HitInfo.h">
      <Filter>Sources\Libraries\MathGeoLib\Geometry</Filter>
    </ClInclude>
    <ClInclude Include="Source\Libraries\MathGeoLib\include\Geometry\KDTree.h">
      <Filter>Sources\Libraries\MathGeoLib\Geometry</Filter>
    </ClInclude>
    <ClInclude Include="Source\Libraries\MathGeoLib\include\Geometry\Line.h">
      <Filter>Sources\Libraries\MathGeoLib\Geometry</Filter>
    </ClInclude>
    <ClInclude Include="Source\Libraries\MathGeoLib\include\Geometry\LineSegment.h">
      <Filter>Sources\Libraries\MathGeoLib\Geometry</Filter>
    </ClInclude>
    <ClInclude Include="Source\Libraries\MathGeoLib\include\Geometry\OBB.h">
      <Filter>Sources\Libraries\MathGeoLib\Geometry</Filter>
    </ClInclude>
    <ClInclude Include="Source\Libraries\MathGeoLib\include\Geometry\PBVolume.h">
      <Filter>Sources\Libraries\MathGeoLib\Geometry</Filter>
    </ClInclude>
    <ClInclude Include="Source\Libraries\MathGeoLib\include\Geometry\Plane.h">
      <Filter>Sources\Libraries\MathGeoLib\Geometry</Filter>
    </ClInclude>
    <ClInclude Include="Source\Libraries\MathGeoLib\include\Geometry\Polygon.h">
      <Filter>Sources\Libraries\MathGeoLib\Geometry</Filter>
    </ClInclude>
    <ClInclude Include="Source\Libraries\MathGeoLib\include\Geometry\Polyhedron.h">
      <Filter>Sources\Libraries\MathGeoLib\Geometry</Filter>
    </ClInclude>
    <ClInclude Include="Source\Libraries\MathGeoLib\include\Geometry\QuadTree.h">
      <Filter>Sources\Libraries\MathGeoLib\Geometry</Filter>
    </ClInclude>
    <ClInclude Include="Source\Libraries\MathGeoLib\include\Geometry\Ray.h">
      <Filter>Sources\Libraries\MathGeoLib\Geometry</Filter>
    </ClInclude>
    <ClInclude Include="Source\Libraries\MathGeoLib\include\Geometry\Sphere.h">
      <Filter>Sources\Libraries\MathGeoLib\Geometry</Filter>
    </ClInclude>
    <ClInclude Include="Source\Libraries\MathGeoLib\include\Geometry\Triangle.h">
      <Filter>Sources\Libraries\MathGeoLib\Geometry</Filter>
    </ClInclude>
    <ClInclude Include="Source\Libraries\MathGeoLib\include\Geometry\TriangleMesh.h">
      <Filter>Sources\Libraries\MathGeoLib\Geometry</Filter>
    </ClInclude>
    <ClInclude Include="Source\Libraries\MathGeoLib\include\Math\assume.h">
      <Filter>Sources\Libraries\MathGeoLib\Math</Filter>
    </ClInclude>
    <ClInclude Include="Source\Libraries\MathGeoLib\include\Math\BitOps.h">
      <Filter>Sources\Libraries\MathGeoLib\Math</Filter>
    </ClInclude>
    <ClInclude Include="Source\Libraries\MathGeoLib\include\Math\Complex.h">
      <Filter>Sources\Libraries\MathGeoLib\Math</Filter>
    </ClInclude>
    <ClInclude Include="Source\Libraries\MathGeoLib\include\Math\CoordinateAxisConvention.h">
      <Filter>Sources\Libraries\MathGeoLib\Math</Filter>
    </ClInclude>
    <ClInclude Include="Source\Libraries\MathGeoLib\include\Math\FixedPoint.h">
      <Filter>Sources\Libraries\MathGeoLib\Math</Filter>
    </ClInclude>
    <ClInclude Include="Source\Libraries\MathGeoLib\include\Math\float2.h">
      <Filter>Sources\Libraries\MathGeoLib\Math</Filter>
    </ClInclude>
    <ClInclude Include="Source\Libraries\MathGeoLib\include\Math\float3.h">
      <Filter>Sources\Libraries\MathGeoLib\Math</Filter>
    </ClInclude>
    <ClInclude Include="Source\Libraries\MathGeoLib\include\Math\float3x3.h">
      <Filter>Sources\Libraries\MathGeoLib\Math</Filter>
    </ClInclude>
    <ClInclude Include="Source\Libraries\MathGeoLib\include\Math\float3x4.h">
      <Filter>Sources\Libraries\MathGeoLib\Math</Filter>
    </ClInclude>
    <ClInclude Include="Source\Libraries\MathGeoLib\include\Math\float4.h">
      <Filter>Sources\Libraries\MathGeoLib\Math</Filter>
    </ClInclude>
    <ClInclude Include="Source\Libraries\MathGeoLib\include\Math\float4_neon.h">
      <Filter>Sources\Libraries\MathGeoLib\Math</Filter>
    </ClInclude>
    <ClInclude Include="Source\Libraries\MathGeoLib\include\Math\float4_sse.h">
      <Filter>Sources\Libraries\MathGeoLib\Math</Filter>
    </ClInclude>
    <ClInclude Include="Source\Libraries\MathGeoLib\include\Math\float4x4.h">
      <Filter>Sources\Libraries\MathGeoLib\Math</Filter>
    </ClInclude>
    <ClInclude Include="Source\Libraries\MathGeoLib\include\Math\float4x4_neon.h">
      <Filter>Sources\Libraries\MathGeoLib\Math</Filter>
    </ClInclude>
    <ClInclude Include="Source\Libraries\MathGeoLib\include\Math\float4x4_sse.h">
      <Filter>Sources\Libraries\MathGeoLib\Math</Filter>
    </ClInclude>
    <ClInclude Include="Source\Libraries\MathGeoLib\include\Math\FloatCmp.h">
      <Filter>Sources\Libraries\MathGeoLib\Math</Filter>
    </ClInclude>
    <ClInclude Include="Source\Libraries\MathGeoLib\include\Math\MathAll.h">
      <Filter>Sources\Libraries\MathGeoLib\Math</Filter>
    </ClInclude>
    <ClInclude Include="Source\Libraries\MathGeoLib\include\Math\MathConstants.h">
      <Filter>Sources\Libraries\MathGeoLib\Math</Filter>
    </ClInclude>
    <ClInclude Include="Source\Libraries\MathGeoLib\include\Math\MathFunc.h">
      <Filter>Sources\Libraries\MathGeoLib\Math</Filter>
    </ClInclude>
    <ClInclude Include="Source\Libraries\MathGeoLib\include\Math\MathLog.h">
      <Filter>Sources\Libraries\MathGeoLib\Math</Filter>
    </ClInclude>
    <ClInclude Include="Source\Libraries\MathGeoLib\include\Math\MathNamespace.h">
      <Filter>Sources\Libraries\MathGeoLib\Math</Filter>
    </ClInclude>
    <ClInclude Include="Source\Libraries\MathGeoLib\include\Math\MathTypes.h">
      <Filter>Sources\Libraries\MathGeoLib\Math</Filter>
    </ClInclude>
    <ClInclude Include="Source\Libraries\MathGeoLib\include\Math\MatrixProxy.h">
      <Filter>Sources\Libraries\MathGeoLib\Math</Filter>
    </ClInclude>
    <ClInclude Include="Source\Libraries\MathGeoLib\include\Math\myassert.h">
      <Filter>Sources\Libraries\MathGeoLib\Math</Filter>
    </ClInclude>
    <ClInclude Include="Source\Libraries\MathGeoLib\include\Math\Polynomial.h">
      <Filter>Sources\Libraries\MathGeoLib\Math</Filter>
    </ClInclude>
    <ClInclude Include="Source\Libraries\MathGeoLib\include\Math\Quat.h">
      <Filter>Sources\Libraries\MathGeoLib\Math</Filter>
    </ClInclude>
    <ClInclude Include="Source\Libraries\MathGeoLib\include\Math\quat_simd.h">
      <Filter>Sources\Libraries\MathGeoLib\Math</Filter>
    </ClInclude>
    <ClInclude Include="Source\Libraries\MathGeoLib\include\Math\Rect.h">
      <Filter>Sources\Libraries\MathGeoLib\Math</Filter>
    </ClInclude>
    <ClInclude Include="Source\Libraries\MathGeoLib\include\Math\Reinterpret.h">
      <Filter>Sources\Libraries\MathGeoLib\Math</Filter>
    </ClInclude>
    <ClInclude Include="Source\Libraries\MathGeoLib\include\Math\sse_mathfun.h">
      <Filter>Sources\Libraries\MathGeoLib\Math</Filter>
    </ClInclude>
    <ClInclude Include="Source\Libraries\MathGeoLib\include\Math\SSEMath.h">
      <Filter>Sources\Libraries\MathGeoLib\Math</Filter>
    </ClInclude>
    <ClInclude Include="Source\Libraries\MathGeoLib\include\Math\TransformOps.h">
      <Filter>Sources\Libraries\MathGeoLib\Math</Filter>
    </ClInclude>
    <ClInclude Include="Source\Libraries\imgui-1.78\ImGuizmo.h">
      <Filter>Sources\Libraries\ImGui</Filter>
    </ClInclude>
  </ItemGroup>
  <ItemGroup>
    <Image Include="Game\Assets\iconEngine.ico" />
  </ItemGroup>
  <ItemGroup>
    <ResourceCompile Include="V8Engine.rc" />
  </ItemGroup>
  <ItemGroup>
    <None Include="Source\Libraries\MathGeoLib\include\Geometry\KDTree.inl">
      <Filter>Sources\Libraries\MathGeoLib\Geometry</Filter>
    </None>
    <None Include="Source\Libraries\MathGeoLib\include\Geometry\QuadTree.inl">
      <Filter>Sources\Libraries\MathGeoLib\Geometry</Filter>
    </None>
    <None Include="Source\Libraries\MathGeoLib\include\Geometry\TriangleMesh_IntersectRay_AVX.inl">
      <Filter>Sources\Libraries\MathGeoLib\Geometry</Filter>
    </None>
    <None Include="Source\Libraries\MathGeoLib\include\Geometry\TriangleMesh_IntersectRay_CPP.inl">
      <Filter>Sources\Libraries\MathGeoLib\Geometry</Filter>
    </None>
    <None Include="Source\Libraries\MathGeoLib\include\Geometry\TriangleMesh_IntersectRay_SSE.inl">
      <Filter>Sources\Libraries\MathGeoLib\Geometry</Filter>
    </None>
    <None Include="Source\Libraries\MathGeoLib\include\Math\Matrix.inl">
      <Filter>Sources\Libraries\MathGeoLib\Math</Filter>
    </None>
  </ItemGroup>
</Project>